{
  "name": "mf-auth",
  "version": "1.0.0",
  "lockfileVersion": 1,
  "requires": true,
  "dependencies": {
    "escape-string-regexp": {
      "version": "1.0.5",
      "resolved": "https://registry.npmjs.org/escape-string-regexp/-/escape-string-regexp-1.0.5.tgz",
      "integrity": "sha1-G2HAViGQqN/2rjuyzwIAyhMLhtQ="
    },
    "jsonpath-plus": {
      "version": "0.18.1",
      "resolved": "https://registry.npmjs.org/jsonpath-plus/-/jsonpath-plus-0.18.1.tgz",
      "integrity": "sha512-4yQiuV641HROc4z9YGvnsr8yAdmzbu8JjdAen8WfiXsXewKvTG4ie2bSygF2maek9PcbtROmS6aLQs31BD+oNQ=="
    },
    "lodash.clonedeep": {
      "version": "4.5.0",
      "resolved": "https://registry.npmjs.org/lodash.clonedeep/-/lodash.clonedeep-4.5.0.tgz",
      "integrity": "sha1-4j8/nE+Pvd6HJSnBBxhXoIblzO8="
    },
    "matcher": {
      "version": "1.1.1",
      "resolved": "https://registry.npmjs.org/matcher/-/matcher-1.1.1.tgz",
      "integrity": "sha512-+BmqxWIubKTRKNWx/ahnCkk3mG8m7OturVlqq6HiojGJTd5hVYbgZm6WzcYPCoB+KBT4Vd6R7WSRG2OADNaCjg==",
      "requires": {
        "escape-string-regexp": "^1.0.4"
      }
    },
    "notation": {
      "version": "1.3.6",
      "resolved": "https://registry.npmjs.org/notation/-/notation-1.3.6.tgz",
      "integrity": "sha512-DIuJmrP/Gg1DcXKaApsqcjsJD6jEccqKSfmU3BUx/f1GHsMiTJh70cERwYc64tOmTRTARCeMwkqNNzjh3AHhiw=="
    },
    "role-acl": {
      "version": "4.4.0",
      "resolved": "https://registry.npmjs.org/role-acl/-/role-acl-4.4.0.tgz",
      "integrity": "sha512-4Tt1gd4dZQ4fTORCZ9MNr8X7ouFAOAgcsUmyNHUQ3cIk8ZWyw9sdY3RwdavxOCYSnO2TkYjWIWVLExZ71Z7PTA==",
      "requires": {
        "jsonpath-plus": "^0.18.0",
        "lodash.clonedeep": "^4.5.0",
        "matcher": "^1.0.0",
        "notation": "^1.3.5"
      }
    }
  }
}
